// !$*UTF8*$!
{
	archiveVersion = 1;
	classes = {
	};
	objectVersion = 50;
	objects = {

/* Begin PBXBuildFile section */
		C9318B852683DC560031B404 /* Humantiv2App.swift in Sources */ = {isa = PBXBuildFile; fileRef = C9318B842683DC560031B404 /* Humantiv2App.swift */; };
		C9318B872683DC560031B404 /* ContentView.swift in Sources */ = {isa = PBXBuildFile; fileRef = C9318B862683DC560031B404 /* ContentView.swift */; };
		C9318B892683DC570031B404 /* Assets.xcassets in Resources */ = {isa = PBXBuildFile; fileRef = C9318B882683DC570031B404 /* Assets.xcassets */; };
		C9318B8C2683DC570031B404 /* Preview Assets.xcassets in Resources */ = {isa = PBXBuildFile; fileRef = C9318B8B2683DC570031B404 /* Preview Assets.xcassets */; };
		C9318B972683DC570031B404 /* Humantiv2Tests.swift in Sources */ = {isa = PBXBuildFile; fileRef = C9318B962683DC570031B404 /* Humantiv2Tests.swift */; };
		C9318BA22683DC570031B404 /* Humantiv2UITests.swift in Sources */ = {isa = PBXBuildFile; fileRef = C9318BA12683DC570031B404 /* Humantiv2UITests.swift */; };
/* End PBXBuildFile section */

/* Begin PBXContainerItemProxy section */
		C9318B932683DC570031B404 /* PBXContainerItemProxy */ = {
			isa = PBXContainerItemProxy;
			containerPortal = C9318B792683DC560031B404 /* Project object */;
			proxyType = 1;
			remoteGlobalIDString = C9318B802683DC560031B404;
			remoteInfo = Humantiv2;
		};
		C9318B9E2683DC570031B404 /* PBXContainerItemProxy */ = {
			isa = PBXContainerItemProxy;
			containerPortal = C9318B792683DC560031B404 /* Project object */;
			proxyType = 1;
			remoteGlobalIDString = C9318B802683DC560031B404;
			remoteInfo = Humantiv2;
		};
/* End PBXContainerItemProxy section */

/* Begin PBXFileReference section */
		C9318B812683DC560031B404 /* Humantiv2.app */ = {isa = PBXFileReference; explicitFileType = wrapper.application; includeInIndex = 0; path = Humantiv2.app; sourceTree = BUILT_PRODUCTS_DIR; };
		C9318B842683DC560031B404 /* Humantiv2App.swift */ = {isa = PBXFileReference; lastKnownFileType = sourcecode.swift; path = Humantiv2App.swift; sourceTree = "<group>"; };
		C9318B862683DC560031B404 /* ContentView.swift */ = {isa = PBXFileReference; lastKnownFileType = sourcecode.swift; path = ContentView.swift; sourceTree = "<group>"; };
		C9318B882683DC570031B404 /* Assets.xcassets */ = {isa = PBXFileReference; lastKnownFileType = folder.assetcatalog; path = Assets.xcassets; sourceTree = "<group>"; };
		C9318B8B2683DC570031B404 /* Preview Assets.xcassets */ = {isa = PBXFileReference; lastKnownFileType = folder.assetcatalog; path = "Preview Assets.xcassets"; sourceTree = "<group>"; };
		C9318B8D2683DC570031B404 /* Info.plist */ = {isa = PBXFileReference; lastKnownFileType = text.plist.xml; path = Info.plist; sourceTree = "<group>"; };
		C9318B922683DC570031B404 /* Humantiv2Tests.xctest */ = {isa = PBXFileReference; explicitFileType = wrapper.cfbundle; includeInIndex = 0; path = Humantiv2Tests.xctest; sourceTree = BUILT_PRODUCTS_DIR; };
		C9318B962683DC570031B404 /* Humantiv2Tests.swift */ = {isa = PBXFileReference; lastKnownFileType = sourcecode.swift; path = Humantiv2Tests.swift; sourceTree = "<group>"; };
		C9318B982683DC570031B404 /* Info.plist */ = {isa = PBXFileReference; lastKnownFileType = text.plist.xml; path = Info.plist; sourceTree = "<group>"; };
		C9318B9D2683DC570031B404 /* Humantiv2UITests.xctest */ = {isa = PBXFileReference; explicitFileType = wrapper.cfbundle; includeInIndex = 0; path = Humantiv2UITests.xctest; sourceTree = BUILT_PRODUCTS_DIR; };
		C9318BA12683DC570031B404 /* Humantiv2UITests.swift */ = {isa = PBXFileReference; lastKnownFileType = sourcecode.swift; path = Humantiv2UITests.swift; sourceTree = "<group>"; };
		C9318BA32683DC570031B404 /* Info.plist */ = {isa = PBXFileReference; lastKnownFileType = text.plist.xml; path = Info.plist; sourceTree = "<group>"; };
/* End PBXFileReference section */

/* Begin PBXFrameworksBuildPhase section */
		C9318B7E2683DC560031B404 /* Frameworks */ = {
			isa = PBXFrameworksBuildPhase;
			buildActionMask = 2147483647;
			files = (
			);
			runOnlyForDeploymentPostprocessing = 0;
		};
		C9318B8F2683DC570031B404 /* Frameworks */ = {
			isa = PBXFrameworksBuildPhase;
			buildActionMask = 2147483647;
			files = (
			);
			runOnlyForDeploymentPostprocessing = 0;
		};
		C9318B9A2683DC570031B404 /* Frameworks */ = {
			isa = PBXFrameworksBuildPhase;
			buildActionMask = 2147483647;
			files = (
			);
			runOnlyForDeploymentPostprocessing = 0;
		};
/* End PBXFrameworksBuildPhase section */

/* Begin PBXGroup section */
		C9318B782683DC560031B404 = {
			isa = PBXGroup;
			children = (
				C9318B832683DC560031B404 /* Humantiv2 */,
				C9318B952683DC570031B404 /* Humantiv2Tests */,
				C9318BA02683DC570031B404 /* Humantiv2UITests */,
				C9318B822683DC560031B404 /* Products */,
			);
			sourceTree = "<group>";
		};
		C9318B822683DC560031B404 /* Products */ = {
			isa = PBXGroup;
			children = (
				C9318B812683DC560031B404 /* Humantiv2.app */,
				C9318B922683DC570031B404 /* Humantiv2Tests.xctest */,
				C9318B9D2683DC570031B404 /* Humantiv2UITests.xctest */,
			);
			name = Products;
			sourceTree = "<group>";
		};
		C9318B832683DC560031B404 /* Humantiv2 */ = {
			isa = PBXGroup;
			children = (
				C9318B842683DC560031B404 /* Humantiv2App.swift */,
				C9318B862683DC560031B404 /* ContentView.swift */,
				C9318B882683DC570031B404 /* Assets.xcassets */,
				C9318B8D2683DC570031B404 /* Info.plist */,
				C9318B8A2683DC570031B404 /* Preview Content */,
			);
			path = Humantiv2;
			sourceTree = "<group>";
		};
		C9318B8A2683DC570031B404 /* Preview Content */ = {
			isa = PBXGroup;
			children = (
				C9318B8B2683DC570031B404 /* Preview Assets.xcassets */,
			);
			path = "Preview Content";
			sourceTree = "<group>";
		};
		C9318B952683DC570031B404 /* Humantiv2Tests */ = {
			isa = PBXGroup;
			children = (
				C9318B962683DC570031B404 /* Humantiv2Tests.swift */,
				C9318B982683DC570031B404 /* Info.plist */,
			);
			path = Humantiv2Tests;
			sourceTree = "<group>";
		};
		C9318BA02683DC570031B404 /* Humantiv2UITests */ = {
			isa = PBXGroup;
			children = (
				C9318BA12683DC570031B404 /* Humantiv2UITests.swift */,
				C9318BA32683DC570031B404 /* Info.plist */,
			);
			path = Humantiv2UITests;
			sourceTree = "<group>";
		};
/* End PBXGroup section */

/* Begin PBXNativeTarget section */
		C9318B802683DC560031B404 /* Humantiv2 */ = {
			isa = PBXNativeTarget;
			buildConfigurationList = C9318BA62683DC570031B404 /* Build configuration list for PBXNativeTarget "Humantiv2" */;
			buildPhases = (
				C9318B7D2683DC560031B404 /* Sources */,
				C9318B7E2683DC560031B404 /* Frameworks */,
				C9318B7F2683DC560031B404 /* Resources */,
			);
			buildRules = (
			);
			dependencies = (
			);
			name = Humantiv2;
			productName = Humantiv2;
			productReference = C9318B812683DC560031B404 /* Humantiv2.app */;
			productType = "com.apple.product-type.application";
		};
		C9318B912683DC570031B404 /* Humantiv2Tests */ = {
			isa = PBXNativeTarget;
			buildConfigurationList = C9318BA92683DC570031B404 /* Build configuration list for PBXNativeTarget "Humantiv2Tests" */;
			buildPhases = (
				C9318B8E2683DC570031B404 /* Sources */,
				C9318B8F2683DC570031B404 /* Frameworks */,
				C9318B902683DC570031B404 /* Resources */,
			);
			buildRules = (
			);
			dependencies = (
				C9318B942683DC570031B404 /* PBXTargetDependency */,
			);
			name = Humantiv2Tests;
			productName = Humantiv2Tests;
			productReference = C9318B922683DC570031B404 /* Humantiv2Tests.xctest */;
			productType = "com.apple.product-type.bundle.unit-test";
		};
		C9318B9C2683DC570031B404 /* Humantiv2UITests */ = {
			isa = PBXNativeTarget;
			buildConfigurationList = C9318BAC2683DC570031B404 /* Build configuration list for PBXNativeTarget "Humantiv2UITests" */;
			buildPhases = (
				C9318B992683DC570031B404 /* Sources */,
				C9318B9A2683DC570031B404 /* Frameworks */,
				C9318B9B2683DC570031B404 /* Resources */,
			);
			buildRules = (
			);
			dependencies = (
				C9318B9F2683DC570031B404 /* PBXTargetDependency */,
			);
			name = Humantiv2UITests;
			productName = Humantiv2UITests;
			productReference = C9318B9D2683DC570031B404 /* Humantiv2UITests.xctest */;
			productType = "com.apple.product-type.bundle.ui-testing";
		};
/* End PBXNativeTarget section */

/* Begin PBXProject section */
		C9318B792683DC560031B404 /* Project object */ = {
			isa = PBXProject;
			attributes = {
				LastSwiftUpdateCheck = 1250;
				LastUpgradeCheck = 1250;
				TargetAttributes = {
					C9318B802683DC560031B404 = {
						CreatedOnToolsVersion = 12.5.1;
					};
					C9318B912683DC570031B404 = {
						CreatedOnToolsVersion = 12.5.1;
						TestTargetID = C9318B802683DC560031B404;
					};
					C9318B9C2683DC570031B404 = {
						CreatedOnToolsVersion = 12.5.1;
						TestTargetID = C9318B802683DC560031B404;
					};
				};
			};
			buildConfigurationList = C9318B7C2683DC560031B404 /* Build configuration list for PBXProject "Humantiv2" */;
			compatibilityVersion = "Xcode 9.3";
			developmentRegion = en;
			hasScannedForEncodings = 0;
			knownRegions = (
				en,
				Base,
			);
			mainGroup = C9318B782683DC560031B404;
			productRefGroup = C9318B822683DC560031B404 /* Products */;
			projectDirPath = "";
			projectRoot = "";
			targets = (
				C9318B802683DC560031B404 /* Humantiv2 */,
				C9318B912683DC570031B404 /* Humantiv2Tests */,
				C9318B9C2683DC570031B404 /* Humantiv2UITests */,
			);
		};
/* End PBXProject section */

/* Begin PBXResourcesBuildPhase section */
		C9318B7F2683DC560031B404 /* Resources */ = {
			isa = PBXResourcesBuildPhase;
			buildActionMask = 2147483647;
			files = (
				C9318B8C2683DC570031B404 /* Preview Assets.xcassets in Resources */,
				C9318B892683DC570031B404 /* Assets.xcassets in Resources */,
			);
			runOnlyForDeploymentPostprocessing = 0;
		};
		C9318B902683DC570031B404 /* Resources */ = {
			isa = PBXResourcesBuildPhase;
			buildActionMask = 2147483647;
			files = (
			);
			runOnlyForDeploymentPostprocessing = 0;
		};
		C9318B9B2683DC570031B404 /* Resources */ = {
			isa = PBXResourcesBuildPhase;
			buildActionMask = 2147483647;
			files = (
			);
			runOnlyForDeploymentPostprocessing = 0;
		};
/* End PBXResourcesBuildPhase section */

/* Begin PBXSourcesBuildPhase section */
		C9318B7D2683DC560031B404 /* Sources */ = {
			isa = PBXSourcesBuildPhase;
			buildActionMask = 2147483647;
			files = (
				C9318B872683DC560031B404 /* ContentView.swift in Sources */,
				C9318B852683DC560031B404 /* Humantiv2App.swift in Sources */,
			);
			runOnlyForDeploymentPostprocessing = 0;
		};
		C9318B8E2683DC570031B404 /* Sources */ = {
			isa = PBXSourcesBuildPhase;
			buildActionMask = 2147483647;
			files = (
				C9318B972683DC570031B404 /* Humantiv2Tests.swift in Sources */,
			);
			runOnlyForDeploymentPostprocessing = 0;
		};
		C9318B992683DC570031B404 /* Sources */ = {
			isa = PBXSourcesBuildPhase;
			buildActionMask = 2147483647;
			files = (
				C9318BA22683DC570031B404 /* Humantiv2UITests.swift in Sources */,
			);
			runOnlyForDeploymentPostprocessing = 0;
		};
/* End PBXSourcesBuildPhase section */

/* Begin PBXTargetDependency section */
		C9318B942683DC570031B404 /* PBXTargetDependency */ = {
			isa = PBXTargetDependency;
			target = C9318B802683DC560031B404 /* Humantiv2 */;
			targetProxy = C9318B932683DC570031B404 /* PBXContainerItemProxy */;
		};
		C9318B9F2683DC570031B404 /* PBXTargetDependency */ = {
			isa = PBXTargetDependency;
			target = C9318B802683DC560031B404 /* Humantiv2 */;
			targetProxy = C9318B9E2683DC570031B404 /* PBXContainerItemProxy */;
		};
/* End PBXTargetDependency section */

/* Begin XCBuildConfiguration section */
		C9318BA42683DC570031B404 /* Debug */ = {
			isa = XCBuildConfiguration;
			buildSettings = {
				ALWAYS_SEARCH_USER_PATHS = NO;
				CLANG_ANALYZER_NONNULL = YES;
				CLANG_ANALYZER_NUMBER_OBJECT_CONVERSION = YES_AGGRESSIVE;
				CLANG_CXX_LANGUAGE_STANDARD = "gnu++14";
				CLANG_CXX_LIBRARY = "libc++";
				CLANG_ENABLE_MODULES = YES;
				CLANG_ENABLE_OBJC_ARC = YES;
				CLANG_ENABLE_OBJC_WEAK = YES;
				CLANG_WARN_BLOCK_CAPTURE_AUTORELEASING = YES;
				CLANG_WARN_BOOL_CONVERSION = YES;
				CLANG_WARN_COMMA = YES;
				CLANG_WARN_CONSTANT_CONVERSION = YES;
				CLANG_WARN_DEPRECATED_OBJC_IMPLEMENTATIONS = YES;
				CLANG_WARN_DIRECT_OBJC_ISA_USAGE = YES_ERROR;
				CLANG_WARN_DOCUMENTATION_COMMENTS = YES;
				CLANG_WARN_EMPTY_BODY = YES;
				CLANG_WARN_ENUM_CONVERSION = YES;
				CLANG_WARN_INFINITE_RECURSION = YES;
				CLANG_WARN_INT_CONVERSION = YES;
				CLANG_WARN_NON_LITERAL_NULL_CONVERSION = YES;
				CLANG_WARN_OBJC_IMPLICIT_RETAIN_SELF = YES;
				CLANG_WARN_OBJC_LITERAL_CONVERSION = YES;
				CLANG_WARN_OBJC_ROOT_CLASS = YES_ERROR;
				CLANG_WARN_QUOTED_INCLUDE_IN_FRAMEWORK_HEADER = YES;
				CLANG_WARN_RANGE_LOOP_ANALYSIS = YES;
				CLANG_WARN_STRICT_PROTOTYPES = YES;
				CLANG_WARN_SUSPICIOUS_MOVE = YES;
				CLANG_WARN_UNGUARDED_AVAILABILITY = YES_AGGRESSIVE;
				CLANG_WARN_UNREACHABLE_CODE = YES;
				CLANG_WARN__DUPLICATE_METHOD_MATCH = YES;
				COPY_PHASE_STRIP = NO;
				DEBUG_INFORMATION_FORMAT = dwarf;
				ENABLE_STRICT_OBJC_MSGSEND = YES;
				ENABLE_TESTABILITY = YES;
				GCC_C_LANGUAGE_STANDARD = gnu11;
				GCC_DYNAMIC_NO_PIC = NO;
				GCC_NO_COMMON_BLOCKS = YES;
				GCC_OPTIMIZATION_LEVEL = 0;
				GCC_PREPROCESSOR_DEFINITIONS = (
					"DEBUG=1",
					"$(inherited)",
				);
				GCC_WARN_64_TO_32_BIT_CONVERSION = YES;
				GCC_WARN_ABOUT_RETURN_TYPE = YES_ERROR;
				GCC_WARN_UNDECLARED_SELECTOR = YES;
				GCC_WARN_UNINITIALIZED_AUTOS = YES_AGGRESSIVE;
				GCC_WARN_UNUSED_FUNCTION = YES;
				GCC_WARN_UNUSED_VARIABLE = YES;
				IPHONEOS_DEPLOYMENT_TARGET = 14.5;
				MTL_ENABLE_DEBUG_INFO = INCLUDE_SOURCE;
				MTL_FAST_MATH = YES;
				ONLY_ACTIVE_ARCH = YES;
				SDKROOT = iphoneos;
				SWIFT_ACTIVE_COMPILATION_CONDITIONS = DEBUG;
				SWIFT_OPTIMIZATION_LEVEL = "-Onone";
			};
			name = Debug;
		};
		C9318BA52683DC570031B404 /* Release */ = {
			isa = XCBuildConfiguration;
			buildSettings = {
				ALWAYS_SEARCH_USER_PATHS = NO;
				CLANG_ANALYZER_NONNULL = YES;
				CLANG_ANALYZER_NUMBER_OBJECT_CONVERSION = YES_AGGRESSIVE;
				CLANG_CXX_LANGUAGE_STANDARD = "gnu++14";
				CLANG_CXX_LIBRARY = "libc++";
				CLANG_ENABLE_MODULES = YES;
				CLANG_ENABLE_OBJC_ARC = YES;
				CLANG_ENABLE_OBJC_WEAK = YES;
				CLANG_WARN_BLOCK_CAPTURE_AUTORELEASING = YES;
				CLANG_WARN_BOOL_CONVERSION = YES;
				CLANG_WARN_COMMA = YES;
				CLANG_WARN_CONSTANT_CONVERSION = YES;
				CLANG_WARN_DEPRECATED_OBJC_IMPLEMENTATIONS = YES;
				CLANG_WARN_DIRECT_OBJC_ISA_USAGE = YES_ERROR;
				CLANG_WARN_DOCUMENTATION_COMMENTS = YES;
				CLANG_WARN_EMPTY_BODY = YES;
				CLANG_WARN_ENUM_CONVERSION = YES;
				CLANG_WARN_INFINITE_RECURSION = YES;
				CLANG_WARN_INT_CONVERSION = YES;
				CLANG_WARN_NON_LITERAL_NULL_CONVERSION = YES;
				CLANG_WARN_OBJC_IMPLICIT_RETAIN_SELF = YES;
				CLANG_WARN_OBJC_LITERAL_CONVERSION = YES;
				CLANG_WARN_OBJC_ROOT_CLASS = YES_ERROR;
				CLANG_WARN_QUOTED_INCLUDE_IN_FRAMEWORK_HEADER = YES;
				CLANG_WARN_RANGE_LOOP_ANALYSIS = YES;
				CLANG_WARN_STRICT_PROTOTYPES = YES;
				CLANG_WARN_SUSPICIOUS_MOVE = YES;
				CLANG_WARN_UNGUARDED_AVAILABILITY = YES_AGGRESSIVE;
				CLANG_WARN_UNREACHABLE_CODE = YES;
				CLANG_WARN__DUPLICATE_METHOD_MATCH = YES;
				COPY_PHASE_STRIP = NO;
				DEBUG_INFORMATION_FORMAT = "dwarf-with-dsym";
				ENABLE_NS_ASSERTIONS = NO;
				ENABLE_STRICT_OBJC_MSGSEND = YES;
				GCC_C_LANGUAGE_STANDARD = gnu11;
				GCC_NO_COMMON_BLOCKS = YES;
				GCC_WARN_64_TO_32_BIT_CONVERSION = YES;
				GCC_WARN_ABOUT_RETURN_TYPE = YES_ERROR;
				GCC_WARN_UNDECLARED_SELECTOR = YES;
				GCC_WARN_UNINITIALIZED_AUTOS = YES_AGGRESSIVE;
				GCC_WARN_UNUSED_FUNCTION = YES;
				GCC_WARN_UNUSED_VARIABLE = YES;
				IPHONEOS_DEPLOYMENT_TARGET = 14.5;
				MTL_ENABLE_DEBUG_INFO = NO;
				MTL_FAST_MATH = YES;
				SDKROOT = iphoneos;
				SWIFT_COMPILATION_MODE = wholemodule;
				SWIFT_OPTIMIZATION_LEVEL = "-O";
				VALIDATE_PRODUCT = YES;
			};
			name = Release;
		};
		C9318BA72683DC570031B404 /* Debug */ = {
			isa = XCBuildConfiguration;
			buildSettings = {
				ASSETCATALOG_COMPILER_APPICON_NAME = AppIcon;
				ASSETCATALOG_COMPILER_GLOBAL_ACCENT_COLOR_NAME = AccentColor;
				CODE_SIGN_STYLE = Automatic;
				DEVELOPMENT_ASSET_PATHS = "\"Humantiv2/Preview Content\"";
				DEVELOPMENT_TEAM = CS8HM3VSCJ;
				ENABLE_PREVIEWS = YES;
				INFOPLIST_FILE = Humantiv2/Info.plist;
				IPHONEOS_DEPLOYMENT_TARGET = 14.0;
				LD_RUNPATH_SEARCH_PATHS = (
					"$(inherited)",
					"@executable_path/Frameworks",
				);
				PRODUCT_BUNDLE_IDENTIFIER = com.smokymountainsoftworks.Humantiv2;
				PRODUCT_NAME = "$(TARGET_NAME)";
				SWIFT_VERSION = 5.0;
				TARGETED_DEVICE_FAMILY = "1,2";
			};
			name = Debug;
		};
		C9318BA82683DC570031B404 /* Release */ = {
			isa = XCBuildConfiguration;
			buildSettings = {
				ASSETCATALOG_COMPILER_APPICON_NAME = AppIcon;
				ASSETCATALOG_COMPILER_GLOBAL_ACCENT_COLOR_NAME = AccentColor;
				CODE_SIGN_STYLE = Automatic;
				DEVELOPMENT_ASSET_PATHS = "\"Humantiv2/Preview Content\"";
				DEVELOPMENT_TEAM = CS8HM3VSCJ;
				ENABLE_PREVIEWS = YES;
				INFOPLIST_FILE = Humantiv2/Info.plist;
				IPHONEOS_DEPLOYMENT_TARGET = 14.0;
				LD_RUNPATH_SEARCH_PATHS = (
					"$(inherited)",
					"@executable_path/Frameworks",
				);
				PRODUCT_BUNDLE_IDENTIFIER = com.smokymountainsoftworks.Humantiv2;
				PRODUCT_NAME = "$(TARGET_NAME)";
				SWIFT_VERSION = 5.0;
				TARGETED_DEVICE_FAMILY = "1,2";
			};
			name = Release;
		};
		C9318BAA2683DC570031B404 /* Debug */ = {
			isa = XCBuildConfiguration;
			buildSettings = {
				ALWAYS_EMBED_SWIFT_STANDARD_LIBRARIES = YES;
				BUNDLE_LOADER = "$(TEST_HOST)";
				CODE_SIGN_STYLE = Automatic;
				DEVELOPMENT_TEAM = CS8HM3VSCJ;
				INFOPLIST_FILE = Humantiv2Tests/Info.plist;
				IPHONEOS_DEPLOYMENT_TARGET = 14.0;
				LD_RUNPATH_SEARCH_PATHS = (
					"$(inherited)",
					"@executable_path/Frameworks",
					"@loader_path/Frameworks",
				);
				PRODUCT_BUNDLE_IDENTIFIER = com.smokymountainsoftworks.Humantiv2Tests;
				PRODUCT_NAME = "$(TARGET_NAME)";
				SWIFT_VERSION = 5.0;
				TARGETED_DEVICE_FAMILY = "1,2";
				TEST_HOST = "$(BUILT_PRODUCTS_DIR)/Humantiv2.app/Humantiv2";
			};
			name = Debug;
		};
		C9318BAB2683DC570031B404 /* Release */ = {
			isa = XCBuildConfiguration;
			buildSettings = {
				ALWAYS_EMBED_SWIFT_STANDARD_LIBRARIES = YES;
				BUNDLE_LOADER = "$(TEST_HOST)";
				CODE_SIGN_STYLE = Automatic;
				DEVELOPMENT_TEAM = CS8HM3VSCJ;
				INFOPLIST_FILE = Humantiv2Tests/Info.plist;
				IPHONEOS_DEPLOYMENT_TARGET = 14.0;
				LD_RUNPATH_SEARCH_PATHS = (
					"$(inherited)",
					"@executable_path/Frameworks",
					"@loader_path/Frameworks",
				);
				PRODUCT_BUNDLE_IDENTIFIER = com.smokymountainsoftworks.Humantiv2Tests;
				PRODUCT_NAME = "$(TARGET_NAME)";
				SWIFT_VERSION = 5.0;
				TARGETED_DEVICE_FAMILY = "1,2";
				TEST_HOST = "$(BUILT_PRODUCTS_DIR)/Humantiv2.app/Humantiv2";
			};
			name = Release;
		};
		C9318BAD2683DC570031B404 /* Debug */ = {
			isa = XCBuildConfiguration;
			buildSettings = {
				ALWAYS_EMBED_SWIFT_STANDARD_LIBRARIES = YES;
				CODE_SIGN_STYLE = Automatic;
				DEVELOPMENT_TEAM = CS8HM3VSCJ;
				INFOPLIST_FILE = Humantiv2UITests/Info.plist;
				LD_RUNPATH_SEARCH_PATHS = (
					"$(inherited)",
					"@executable_path/Frameworks",
					"@loader_path/Frameworks",
				);
				PRODUCT_BUNDLE_IDENTIFIER = com.smokymountainsoftworks.Humantiv2UITests;
				PRODUCT_NAME = "$(TARGET_NAME)";
				SWIFT_VERSION = 5.0;
				TARGETED_DEVICE_FAMILY = "1,2";
				TEST_TARGET_NAME = Humantiv2;
			};
			name = Debug;
		};
		C9318BAE2683DC570031B404 /* Release */ = {
			isa = XCBuildConfiguration;
			buildSettings = {
				ALWAYS_EMBED_SWIFT_STANDARD_LIBRARIES = YES;
				CODE_SIGN_STYLE = Automatic;
				DEVELOPMENT_TEAM = CS8HM3VSCJ;
				INFOPLIST_FILE = Humantiv2UITests/Info.plist;
				LD_RUNPATH_SEARCH_PATHS = (
					"$(inherited)",
					"@executable_path/Frameworks",
					"@loader_path/Frameworks",
				);
				PRODUCT_BUNDLE_IDENTIFIER = com.smokymountainsoftworks.Humantiv2UITests;
				PRODUCT_NAME = "$(TARGET_NAME)";
				SWIFT_VERSION = 5.0;
				TARGETED_DEVICE_FAMILY = "1,2";
				TEST_TARGET_NAME = Humantiv2;
			};
			name = Release;
		};
/* End XCBuildConfiguration section */

/* Begin XCConfigurationList section */
		C9318B7C2683DC560031B404 /* Build configuration list for PBXProject "Humantiv2" */ = {
			isa = XCConfigurationList;
			buildConfigurations = (
				C9318BA42683DC570031B404 /* Debug */,
				C9318BA52683DC570031B404 /* Release */,
			);
			defaultConfigurationIsVisible = 0;
			defaultConfigurationName = Release;
		};
		C9318BA62683DC570031B404 /* Build configuration list for PBXNativeTarget "Humantiv2" */ = {
			isa = XCConfigurationList;
			buildConfigurations = (
				C9318BA72683DC570031B404 /* Debug */,
				C9318BA82683DC570031B404 /* Release */,
			);
			defaultConfigurationIsVisible = 0;
			defaultConfigurationName = Release;
		};
		C9318BA92683DC570031B404 /* Build configuration list for PBXNativeTarget "Humantiv2Tests" */ = {
			isa = XCConfigurationList;
			buildConfigurations = (
				C9318BAA2683DC570031B404 /* Debug */,
				C9318BAB2683DC570031B404 /* Release */,
			);
			defaultConfigurationIsVisible = 0;
			defaultConfigurationName = Release;
		};
		C9318BAC2683DC570031B404 /* Build configuration list for PBXNativeTarget "Humantiv2UITests" */ = {
			isa = XCConfigurationList;
			buildConfigurations = (
				C9318BAD2683DC570031B404 /* Debug */,
				C9318BAE2683DC570031B404 /* Release */,
			);
			defaultConfigurationIsVisible = 0;
			defaultConfigurationName = Release;
		};
/* End XCConfigurationList section */
	};
	rootObject = C9318B792683DC560031B404 /* Project object */;
}
